
Microsoft Visual Studio Solution File, Format Version 12.00
# Visual Studio 15
VisualStudioVersion = 15.0.28307.106
MinimumVisualStudioVersion = 10.0.40219.1
Project("{FAE04EC0-301F-11D3-BF4B-00C04F79EFBC}") = "SmobilerApplication2", "SmobilerApplication2\SmobilerApplication2.csproj", "{47B45DA8-690B-414A-9551-9210A4487678}"
EndProject
Global
	GlobalSection(SolutionConfigurationPlatforms) = preSolution
		Debug|Any CPU = Debug|Any CPU
		Release|Any CPU = Release|Any CPU
	EndGlobalSection
	GlobalSection(ProjectConfigurationPlatforms) = postSolution
		{47B45DA8-690B-414A-9551-9210A4487678}.Debug|Any CPU.ActiveCfg = Debug|Any CPU
		{47B45DA8-690B-414A-9551-9210A4487678}.Debug|Any CPU.Build.0 = Debug|Any CPU
		{47B45DA8-690B-414A-9551-9210A4487678}.Release|Any CPU.ActiveCfg = Release|Any CPU
		{47B45DA8-690B-414A-9551-9210A4487678}.Release|Any CPU.Build.0 = Release|Any CPU
	EndGlobalSection
	GlobalSection(SolutionProperties) = preSolution
		HideSolutionNode = FALSE
	EndGlobalSection
	GlobalSection(ExtensibilityGlobals) = postSolution
		SolutionGuid = {9B4211B1-47CA-40AE-9E24-9A8E6306249A}
	EndGlobalSection
EndGlobal
